# THIS IS AN AUTOGENERATED FILE. DO NOT EDIT THIS FILE DIRECTLY.
# yarn lockfile v1


accepts@1.1.4:
  version "1.1.4"
  resolved "https://registry.yarnpkg.com/accepts/-/accepts-1.1.4.tgz#d71c96f7d41d0feda2c38cd14e8a27c04158df4a"
  integrity sha512-8EKM6XlFgqSpDcxkT9yxCT8nDSWEVBD0UjgUWMCWh5kH9VU+ar2MhmDDYGxohXujPU8PPz88ukpkvfXFVWygHw==
  dependencies:
    mime-types "~2.0.4"
    negotiator "0.4.9"

accepts@~1.2.12:
  version "1.2.13"
  resolved "https://registry.yarnpkg.com/accepts/-/accepts-1.2.13.tgz#e5f1f3928c6d95fd96558c36ec3d9d0de4a6ecea"
  integrity sha512-R190A3EzrS4huFOVZajhXCYZt5p5yrkaQOB4nsWzfth0cYaDcSN5J86l58FJ1dt7igp37fB/QhnuFkGAJmr+eg==
  dependencies:
    mime-types "~2.1.6"
    negotiator "0.5.3"

after@0.8.1:
  version "0.8.1"
  resolved "https://registry.yarnpkg.com/after/-/after-0.8.1.tgz#ab5d4fb883f596816d3515f8f791c0af486dd627"
  integrity sha512-SuI3vWhCFeSmkmmJ3efyuOkrhGyp/AuHthh3F5DinGYh2kR9t/0xUlm3/Vn2qMScfgg+cKho5fW7TUEYUhYeiA==

array-flatten@1.1.1:
  version "1.1.1"
  resolved "https://registry.yarnpkg.com/array-flatten/-/array-flatten-1.1.1.tgz#9a5f699051b1e7073328f2a008968b64ea2955d2"
  integrity sha512-PCVAQswWemu6UdxsDFFX/+gVeYqKAod3D3UVm91jHwynguOwAvYPhx8nNlM++NqRcK6CxxpUafjmhIdKiHibqg==

arraybuffer.slice@0.0.6:
  version "0.0.6"
  resolved "https://registry.yarnpkg.com/arraybuffer.slice/-/arraybuffer.slice-0.0.6.tgz#f33b2159f0532a3f3107a272c0ccfbd1ad2979ca"
  integrity sha512-6ZjfQaBSy6CuIH0+B0NrxMfDE5VIOCP/5gOqSpEIsaAZx9/giszzrXg6PZ7G51U/n88UmlAgYLNQ9wAnII7PJA==

async@0.9.0:
  version "0.9.0"
  resolved "https://registry.yarnpkg.com/async/-/async-0.9.0.tgz#ac3613b1da9bed1b47510bb4651b8931e47146c7"
  integrity sha512-XQJ3MipmCHAIBBMFfu2jaSetneOrXbSyyqeU3Nod867oNOpS+i9FEms5PWgjMxSgBybRf2IVVLtr1YfrDO+okg==

backo2@1.0.2:
  version "1.0.2"
  resolved "https://registry.yarnpkg.com/backo2/-/backo2-1.0.2.tgz#31ab1ac8b129363463e35b3ebb69f4dfcfba7947"
  integrity sha512-zj6Z6M7Eq+PBZ7PQxl5NT665MvJdAkzp0f60nAJ+sLaSCBPMwVak5ZegFbgVCzFcCJTKFoMizvM5Ld7+JrRJHA==

base64-arraybuffer@0.1.2:
  version "0.1.2"
  resolved "https://registry.yarnpkg.com/base64-arraybuffer/-/base64-arraybuffer-0.1.2.tgz#474df4a9f2da24e05df3158c3b1db3c3cd46a154"
  integrity sha512-ewBKKVVPIl78B26mYQHYlaxR7NydMiD/GxwLNIwTAfLIE4xhN2Gxcy30//azq5UrejXjzGpWjcBu3NUJxzMMzg==

base64id@0.1.0:
  version "0.1.0"
  resolved "https://registry.yarnpkg.com/base64id/-/base64id-0.1.0.tgz#02ce0fdeee0cef4f40080e1e73e834f0b1bfce3f"
  integrity sha512-DSjtfjhAsHl9J4OJj7e4+toV2zqxJrGwVd3CLlsCp8QmicvOn7irG0Mb8brOc/nur3SdO8lIbNlY1s1ZDJdUKQ==

benchmark@1.0.0:
  version "1.0.0"
  resolved "https://registry.yarnpkg.com/benchmark/-/benchmark-1.0.0.tgz#2f1e2fa4c359f11122aa183082218e957e390c73"
  integrity sha512-qSlOi0If8sI+icu3l/W5rd4R0etJz9orLPWpDdt1lPgEFzEHYYnkfMuotj+Lx5SyMkmfawlPoW9RmoEm19ziHA==

better-assert@~1.0.0:
  version "1.0.2"
  resolved "https://registry.yarnpkg.com/better-assert/-/better-assert-1.0.2.tgz#40866b9e1b9e0b55b481894311e68faffaebc522"
  integrity sha512-bYeph2DFlpK1XmGs6fvlLRUN29QISM3GBuUwSFsMY2XRx4AvC0WNCS57j4c/xGrK2RS24C1w3YoBOsw9fT46tQ==
  dependencies:
    callsite "1.0.0"

blob@0.0.4:
  version "0.0.4"
  resolved "https://registry.yarnpkg.com/blob/-/blob-0.0.4.tgz#bcf13052ca54463f30f9fc7e95b9a47630a94921"
  integrity sha512-YRc9zvVz4wNaxcXmiSgb9LAg7YYwqQ2xd0Sj6osfA7k/PKmIGVlnOYs3wOFdkRC9/JpQu8sGt/zHgJV7xzerfg==

bluebird@2.9.26:
  version "2.9.26"
  resolved "https://registry.yarnpkg.com/bluebird/-/bluebird-2.9.26.tgz#362772ea4d09f556a4b9f3b64c2fd136e87e3a55"
  integrity sha512-rCR4rqoI1uXUObTgSd7M0Jhp4CXxqPdfmp7NDJ5zmxtwWTNeL6mGkPTL5ehuKK62//S1W/cY1vDjuIXwa6wm5A==

body-parser@^1.14.2:
  version "1.20.2"
  resolved "https://registry.yarnpkg.com/body-parser/-/body-parser-1.20.2.tgz#6feb0e21c4724d06de7ff38da36dad4f57a747fd"
  integrity sha512-ml9pReCu3M61kGlqoTm2umSXTlRTuGTx0bfYj+uIUKKYycG5NtSbeetV3faSU6R7ajOPw0g/J1PvK4qNy7s5bA==
  dependencies:
    bytes "3.1.2"
    content-type "~1.0.5"
    debug "2.6.9"
    depd "2.0.0"
    destroy "1.2.0"
    http-errors "2.0.0"
    iconv-lite "0.4.24"
    on-finished "2.4.1"
    qs "6.11.0"
    raw-body "2.5.2"
    type-is "~1.6.18"
    unpipe "1.0.0"

bson@0.4.19:
  version "0.4.19"
  resolved "https://registry.yarnpkg.com/bson/-/bson-0.4.19.tgz#1a340f39a83d163c18af9c5ca92d2b697a35be41"
  integrity sha512-wjvsIzMEP+A+2d3uzNrCjgu1BuyZh2et4m8sGhkSrFs95oBJbMQ50VI+r3PHmTI365XEtKI0Pr9veJObtEGHkg==

bson@~0.4.20:
  version "0.4.23"
  resolved "https://registry.yarnpkg.com/bson/-/bson-0.4.23.tgz#e65a2e3c7507ffade4109bc7575a76e50f8da915"
  integrity sha512-xMUimhLm6y4t9BTW6BQGRHs9PODB9082EUX/Gkx6M9T2ktuJ5LvMxY/20ukuk0Uc+WPL37pbMIy731XF7eTxjg==

bytes@3.1.2:
  version "3.1.2"
  resolved "https://registry.yarnpkg.com/bytes/-/bytes-3.1.2.tgz#8b0beeb98605adf1b128fa4386403c009e0221a5"
  integrity sha512-/Nf7TyzTx6S3yRJObOAV7956r8cr2+Oj8AC5dt8wSP3BQAoeX58NoHyCU8P8zGkNXStjTSi6fzO6F0pBdcYbEg==

call-bind@^1.0.0:
  version "1.0.2"
  resolved "https://registry.yarnpkg.com/call-bind/-/call-bind-1.0.2.tgz#b1d4e89e688119c3c9a903ad30abb2f6a919be3c"
  integrity sha512-7O+FbCihrB5WGbFYesctwmTKae6rOiIzmz1icreWJ+0aA7LJfuqhEso2T9ncpcFtzMQtzXf2QGGueWJGTYsqrA==
  dependencies:
    function-bind "^1.1.1"
    get-intrinsic "^1.0.2"

callsite@1.0.0:
  version "1.0.0"
  resolved "https://registry.yarnpkg.com/callsite/-/callsite-1.0.0.tgz#280398e5d664bd74038b6f0905153e6e8af1bc20"
  integrity sha512-0vdNRFXn5q+dtOqjfFtmtlI9N2eVZ7LMyEV2iKC5mEEFvSg/69Ml6b/WU2qF8W1nLRa0wiSrDT3Y5jOHZCwKPQ==

component-bind@1.0.0:
  version "1.0.0"
  resolved "https://registry.yarnpkg.com/component-bind/-/component-bind-1.0.0.tgz#00c608ab7dcd93897c0009651b1d3a8e1e73bbd1"
  integrity sha512-WZveuKPeKAG9qY+FkYDeADzdHyTYdIboXS59ixDeRJL5ZhxpqUnxSOwop4FQjMsiYm3/Or8cegVbpAHNA7pHxw==

component-emitter@1.1.2:
  version "1.1.2"
  resolved "https://registry.yarnpkg.com/component-emitter/-/component-emitter-1.1.2.tgz#296594f2753daa63996d2af08d15a95116c9aec3"
  integrity sha512-YhIbp3PJiznERfjlIkK0ue4obZxt2S60+0W8z24ZymOHT8sHloOqWOqZRU2eN5OlY8U08VFsP02letcu26FilA==

component-emitter@1.2.0:
  version "1.2.0"
  resolved "https://registry.yarnpkg.com/component-emitter/-/component-emitter-1.2.0.tgz#ccd113a86388d06482d03de3fc7df98526ba8efe"
  integrity sha512-U8EviusIm8Fc5vMbs9opNX8r/hAz8PFYOu003AR1OVkCnDSTaBHB8inMn97yIbkGlI+dcdsItTBjgiZkVVzxYg==

component-inherit@0.0.3:
  version "0.0.3"
  resolved "https://registry.yarnpkg.com/component-inherit/-/component-inherit-0.0.3.tgz#645fc4adf58b72b649d5cae65135619db26ff143"
  integrity sha512-w+LhYREhatpVqTESyGFg3NlP6Iu0kEKUHETY9GoZP/pQyW4mHFZuFWRUCIqVPZ36ueVLtoOEZaAqbCF2RDndaA==

content-disposition@0.5.0:
  version "0.5.0"
  resolved "https://registry.yarnpkg.com/content-disposition/-/content-disposition-0.5.0.tgz#4284fe6ae0630874639e44e80a418c2934135e9e"
  integrity sha512-PWzG8GssMHTPSLBoOeK5MvPPJeWU5ZVX8omvJC16BUH/nUX6J/jM/hgm/mrPWzTXVV3B3OoBhFdHXyGLU4TgUw==

content-type@~1.0.1, content-type@~1.0.5:
  version "1.0.5"
  resolved "https://registry.yarnpkg.com/content-type/-/content-type-1.0.5.tgz#8b773162656d1d1086784c8f23a54ce6d73d7918"
  integrity sha512-nTjqfcBFEipKdXCv4YDQWCfmcLZKm81ldF0pAopTvyrFGVbcR6P/VAAd5G7N+0tTr8QqiU0tFadD6FK4NtJwOA==

cookie-session@^2.0.0-alpha.1:
  version "2.0.0"
  resolved "https://registry.yarnpkg.com/cookie-session/-/cookie-session-2.0.0.tgz#d07aa27822f43619e4342df1342268c849833089"
  integrity sha512-hKvgoThbw00zQOleSlUr2qpvuNweoqBtxrmx0UFosx6AGi9lYtLoA+RbsvknrEX8Pr6MDbdWAb2j6SnMn+lPsg==
  dependencies:
    cookies "0.8.0"
    debug "3.2.7"
    on-headers "~1.0.2"
    safe-buffer "5.2.1"

cookie-signature@1.0.6:
  version "1.0.6"
  resolved "https://registry.yarnpkg.com/cookie-signature/-/cookie-signature-1.0.6.tgz#e303a882b342cc3ee8ca513a79999734dab3ae2c"
  integrity sha512-QADzlaHc8icV8I7vbaJXJwod9HWYp8uCqf1xa4OfNu1T7JVxQIrUgOWtHdNDtPiywmFbiS12VjotIXLrKM3orQ==

cookie@0.1.3:
  version "0.1.3"
  resolved "https://registry.yarnpkg.com/cookie/-/cookie-0.1.3.tgz#e734a5c1417fce472d5aef82c381cabb64d1a435"
  integrity sha512-mWkFhcL+HVG1KjeCjEBVJJ7s4sAGMLiBDFSDs4bzzvgLZt7rW8BhP6XV/8b1+pNvx/skd3yYxPuaF3Z6LlQzyw==

cookies@0.8.0:
  version "0.8.0"
  resolved "https://registry.yarnpkg.com/cookies/-/cookies-0.8.0.tgz#1293ce4b391740a8406e3c9870e828c4b54f3f90"
  integrity sha512-8aPsApQfebXnuI+537McwYsDtjVxGm8gTIzQI3FDW6t5t/DAhERxtnbEPN/8RX+uZthoz4eCOgloXaE5cYyNow==
  dependencies:
    depd "~2.0.0"
    keygrip "~1.1.0"

core-util-is@~1.0.0:
  version "1.0.3"
  resolved "https://registry.yarnpkg.com/core-util-is/-/core-util-is-1.0.3.tgz#a6042d3634c2b27e9328f837b965fac83808db85"
  integrity sha512-ZQBvi1DcpJ4GDqanjucZ2Hj3wEO5pZDS89BWbkcrvdxksJorwUDDZamX9ldFkp9aw2lmBDLgkObEA4DWNJ9FYQ==

debug@0.7.4:
  version "0.7.4"
  resolved "https://registry.yarnpkg.com/debug/-/debug-0.7.4.tgz#06e1ea8082c2cb14e39806e22e2f6f757f92af39"
  integrity sha512-EohAb3+DSHSGx8carOSKJe8G0ayV5/i609OD0J2orCkuyae7SyZSz2aoLmQF2s0Pj5gITDebwPH7GFBlqOUQ1Q==

debug@2.2.0, debug@~2.2.0:
  version "2.2.0"
  resolved "https://registry.yarnpkg.com/debug/-/debug-2.2.0.tgz#f87057e995b1a1f6ae6a4960664137bc56f039da"
  integrity sha512-X0rGvJcskG1c3TgSCPqHJ0XJgwlcvOC7elJ5Y0hYuKBZoVqWpAMfLOeIh2UI/DCQ5ruodIjvsugZtjUYUw2pUw==
  dependencies:
    ms "0.7.1"

debug@2.6.9:
  version "2.6.9"
  resolved "https://registry.yarnpkg.com/debug/-/debug-2.6.9.tgz#5d128515df134ff327e90a4c93f4e077a536341f"
  integrity sha512-bC7ElrdJaJnPbAP+1EotYvqZsb3ecl5wi6Bfi6BJTUcNowp6cvspg0jXznRTKDjm/E7AdgFBVeAPVMNcKGsHMA==
  dependencies:
    ms "2.0.0"

debug@3.2.7:
  version "3.2.7"
  resolved "https://registry.yarnpkg.com/debug/-/debug-3.2.7.tgz#72580b7e9145fb39b6676f9c5e5fb100b934179a"
  integrity sha512-CFjzYYAi4ThfiQvizrFQevTTXHtnCqWfe7x1AhgEscTz6ZbLbfoLRLPugTQyBth6f8ZERVUSyWHFD/7Wu4t1XQ==
  dependencies:
    ms "^2.1.1"

depd@2.0.0, depd@~2.0.0:
  version "2.0.0"
  resolved "https://registry.yarnpkg.com/depd/-/depd-2.0.0.tgz#b696163cc757560d09cf22cc8fad1571b79e76df"
  integrity sha512-g7nH6P6dyDioJogAAGprGpCtVImJhpPk/roCzdb3fIh61/s/nPsfR6onyMwkCAR/OlC3yBC0lESvUoQEAssIrw==

depd@~1.0.1:
  version "1.0.1"
  resolved "https://registry.yarnpkg.com/depd/-/depd-1.0.1.tgz#80aec64c9d6d97e65cc2a9caa93c0aa6abf73aaa"
  integrity sha512-OEWAMbCkK9IWQ8pfTvHBhCSqHgR+sk5pbiYqq0FqfARG4Cy+cRsCbITx6wh5pcsmfBPiJAcbd98tfdz5fnBbag==

depd@~1.1.0:
  version "1.1.2"
  resolved "https://registry.yarnpkg.com/depd/-/depd-1.1.2.tgz#9bcd52e14c097763e749b274c4346ed2e560b5a9"
  integrity sha512-7emPTl6Dpo6JRXOXjLRxck+FlLRX5847cLKEn00PLAgc3g2hTZZgr+e4c2v6QpSmLeFP3n5yUo7ft6avBK/5jQ==

destroy@1.0.3:
  version "1.0.3"
  resolved "https://registry.yarnpkg.com/destroy/-/destroy-1.0.3.tgz#b433b4724e71fd8551d9885174851c5fc377e2c9"
  integrity sha512-KB/AVLKRwZPOEo6/lxkDJ+Bv3jFRRrhmnRMPvpWwmIfUggpzGkQBqolyo8FRf833b/F5rzmy1uVN3fHBkjTxgw==

destroy@1.2.0:
  version "1.2.0"
  resolved "https://registry.yarnpkg.com/destroy/-/destroy-1.2.0.tgz#4803735509ad8be552934c67df614f94e66fa015"
  integrity sha512-2sJGJTaXIIaR1w4iJSNoN0hnMY7Gpc/n8D4qSCJw8QqFWXf7cuAgnEHxBpweaVcPevC2l3KpjYCx3NypQQgaJg==

destroy@~1.0.4:
  version "1.0.4"
  resolved "https://registry.yarnpkg.com/destroy/-/destroy-1.0.4.tgz#978857442c44749e4206613e37946205826abd80"
  integrity sha512-3NdhDuEXnfun/z7x9GOElY49LoqVHoGScmOKwmxhsS8N5Y+Z8KyPPDnaSzqWgYt/ji4mqwfTS34Htrk0zPIXVg==

ee-first@1.1.1:
  version "1.1.1"
  resolved "https://registry.yarnpkg.com/ee-first/-/ee-first-1.1.1.tgz#590c61156b0ae2f4f0255732a158b266bc56b21d"
  integrity sha512-WMwm9LhRUo+WUaRN+vRuETqG89IgZphVSNkdFgeb6sS/E4OrDIN7t48CAewSHXc6C8lefD8KKfr5vY61brQlow==

engine.io-client@1.6.7:
  version "1.6.7"
  resolved "https://registry.yarnpkg.com/engine.io-client/-/engine.io-client-1.6.7.tgz#eae106736021526475e6b087c8eaf927d26becc2"
  integrity sha512-Eqgh5CLTc3KoFrWIuokjGEPwEI015WH+43yUHOiytdGuYphCYWQtwzPgc48RTMGi48hfbUhUTJscgjxWv9SyWA==
  dependencies:
    component-emitter "1.1.2"
    component-inherit "0.0.3"
    debug "2.2.0"
    engine.io-parser "1.2.4"
    has-cors "1.1.0"
    indexof "0.0.1"
    parsejson "0.0.1"
    parseqs "0.0.2"
    parseuri "0.0.4"
    ws "1.0.1"
    xmlhttprequest-ssl "1.5.1"
    yeast "0.1.2"

engine.io-parser@1.2.4:
  version "1.2.4"
  resolved "https://registry.yarnpkg.com/engine.io-parser/-/engine.io-parser-1.2.4.tgz#e0897b0bf14e792d4cd2a5950553919c56948c42"
  integrity sha512-qmLhc+CHGicieFJ3xZ3+pTpGLTopbEYAYASv1kX0CaHY7LxT5HVgGN0FKML2yq+G+mkknXAu6zYnZny2tjn5dg==
  dependencies:
    after "0.8.1"
    arraybuffer.slice "0.0.6"
    base64-arraybuffer "0.1.2"
    blob "0.0.4"
    has-binary "0.1.6"
    utf8 "2.1.0"

engine.io@1.6.7:
  version "1.6.7"
  resolved "https://registry.yarnpkg.com/engine.io/-/engine.io-1.6.7.tgz#d49db58ffa41cb7a6ab24732f14dacfb39c4d27c"
  integrity sha512-SLF98X8pote/cVVjbMJ0rdBS3f+otL7S+0Pt6m7cDdxDn7w0SwyGs9NuobB3o2Pmrr/S+rIvAjwYqdIAs2/jvQ==
  dependencies:
    accepts "1.1.4"
    base64id "0.1.0"
    debug "2.2.0"
    engine.io-parser "1.2.4"
    ws "1.0.1"

es6-promise@3.0.2:
  version "3.0.2"
  resolved "https://registry.yarnpkg.com/es6-promise/-/es6-promise-3.0.2.tgz#010d5858423a5f118979665f46486a95c6ee2bb6"
  integrity sha512-CUD62/uqeE0L+EJeypOKuFfM56CFaH4vo+++J76bff0NkeQ2bBmWVCTNxL2hj9HeCYPkof6Gqea0BSeK17gBzA==

escape-html@1.0.2:
  version "1.0.2"
  resolved "https://registry.yarnpkg.com/escape-html/-/escape-html-1.0.2.tgz#d77d32fa98e38c2f41ae85e9278e0e0e6ba1022c"
  integrity sha512-J5ahyCRC4liskWVAfkmosNWfG0eHQxI0W+Ko7k3cZaYVMfgt05dwZ68vw6S/TZM1BPvuTv3kq6CRCb7WWtBUVA==

escape-html@~1.0.3:
  version "1.0.3"
  resolved "https://registry.yarnpkg.com/escape-html/-/escape-html-1.0.3.tgz#0258eae4d3d0c0974de1c169188ef0051d1d1988"
  integrity sha512-NiSupZ4OeuGwr68lGIeym/ksIZMJodUGOSCZ/FSnTxcrekbvqrgdUxlJOMpijaKZVjAJrWrGs/6Jy8OMuyj9ow==

etag@~1.7.0:
  version "1.7.0"
  resolved "https://registry.yarnpkg.com/etag/-/etag-1.7.0.tgz#03d30b5f67dd6e632d2945d30d6652731a34d5d8"
  integrity sha512-Mbv5pNpLNPrm1b4rzZlZlfTRpdDr31oiD43N362sIyvSWVNu5Du33EcJGzvEV4YdYLuENB1HzND907cQkFmXNw==

express@4.13.3:
  version "4.13.3"
  resolved "https://registry.yarnpkg.com/express/-/express-4.13.3.tgz#ddb2f1fb4502bf33598d2b032b037960ca6c80a3"
  integrity sha512-6+EQT2fOxWOhT0c5rxbeRfe6Q0bPlHh10ko0BbvgoCBwzDfLgNZ5admFoB8Wqwc9zJY4eF1zo6+pZpfWgQPkEg==
  dependencies:
    accepts "~1.2.12"
    array-flatten "1.1.1"
    content-disposition "0.5.0"
    content-type "~1.0.1"
    cookie "0.1.3"
    cookie-signature "1.0.6"
    debug "~2.2.0"
    depd "~1.0.1"
    escape-html "1.0.2"
    etag "~1.7.0"
    finalhandler "0.4.0"
    fresh "0.3.0"
    merge-descriptors "1.0.0"
    methods "~1.1.1"
    on-finished "~2.3.0"
    parseurl "~1.3.0"
    path-to-regexp "0.1.7"
    proxy-addr "~1.0.8"
    qs "4.0.0"
    range-parser "~1.0.2"
    send "0.13.0"
    serve-static "~1.10.0"
    type-is "~1.6.6"
    utils-merge "1.0.0"
    vary "~1.0.1"

finalhandler@0.4.0:
  version "0.4.0"
  resolved "https://registry.yarnpkg.com/finalhandler/-/finalhandler-0.4.0.tgz#965a52d9e8d05d2b857548541fb89b53a2497d9b"
  integrity sha512-jJU2WE88OqUvwAIf/1K2G2fTdKKZ8LvSwYQyFFekDcmBnBmht38enbcmErnA7iNZktcEo/o2JAHYbe1QDOAgaA==
  dependencies:
    debug "~2.2.0"
    escape-html "1.0.2"
    on-finished "~2.3.0"
    unpipe "~1.0.0"

forwarded@~0.1.0:
  version "0.1.2"
  resolved "https://registry.yarnpkg.com/forwarded/-/forwarded-0.1.2.tgz#98c23dab1175657b8c0573e8ceccd91b0ff18c84"
  integrity sha512-Ua9xNhH0b8pwE3yRbFfXJvfdWF0UHNCdeyb2sbi9Ul/M+r3PTdrz7Cv4SCfZRMjmzEM9PhraqfZFbGTIg3OMyA==

fresh@0.3.0:
  version "0.3.0"
  resolved "https://registry.yarnpkg.com/fresh/-/fresh-0.3.0.tgz#651f838e22424e7566de161d8358caa199f83d4f"
  integrity sha512-akx5WBKAwMSg36qoHTuMMVncHWctlaDGslJASDYAhoLrzDUDCjZlOngNa/iC6lPm9aA0qk8pN5KnpmbJHSIIQQ==

function-bind@^1.1.1:
  version "1.1.1"
  resolved "https://registry.yarnpkg.com/function-bind/-/function-bind-1.1.1.tgz#a56899d3ea3c9bab874bb9773b7c5ede92f4895d"
  integrity sha512-yIovAzMX49sF8Yl58fSCWJ5svSLuaibPxXQJFLmBObTuCr0Mf1KiPopGM9NiFjiYBCbfaa2Fh6breQ6ANVTI0A==

get-intrinsic@^1.0.2:
  version "1.2.1"
  resolved "https://registry.yarnpkg.com/get-intrinsic/-/get-intrinsic-1.2.1.tgz#d295644fed4505fc9cde952c37ee12b477a83d82"
  integrity sha512-2DcsyfABl+gVHEfCOaTrWgyt+tb6MSEGmKq+kI5HwLbIYgjgmMcV8KQ41uaKz1xxUcn9tJtgFbQUEVcEbd0FYw==
  dependencies:
    function-bind "^1.1.1"
    has "^1.0.3"
    has-proto "^1.0.1"
    has-symbols "^1.0.3"

has-binary@0.1.6:
  version "0.1.6"
  resolved "https://registry.yarnpkg.com/has-binary/-/has-binary-0.1.6.tgz#25326f39cfa4f616ad8787894e3af2cfbc7b6e10"
  integrity sha512-aBByfHrIiIt6PQ+jFXsLIFVNpHVyXDcCZ77VZ4kvxv6TvTwipSTDNvKnPN5xOi/cQTcxhLa4lBV2b49pZGQgXw==
  dependencies:
    isarray "0.0.1"

has-binary@0.1.7:
  version "0.1.7"
  resolved "https://registry.yarnpkg.com/has-binary/-/has-binary-0.1.7.tgz#68e61eb16210c9545a0a5cce06a873912fe1e68c"
  integrity sha512-k1Umb4/jrBWZbtL+QKSji8qWeoZ7ZTkXdnDXt1wxwBKAFM0//u96wDj43mBIqCIas8rDQMYyrBEvcS8hdGd4Sg==
  dependencies:
    isarray "0.0.1"

has-cors@1.1.0:
  version "1.1.0"
  resolved "https://registry.yarnpkg.com/has-cors/-/has-cors-1.1.0.tgz#5e474793f7ea9843d1bb99c23eef49ff126fff39"
  integrity sha512-g5VNKdkFuUuVCP9gYfDJHjK2nqdQJ7aDLTnycnc2+RvsOQbuLdF5pm7vuE5J76SEBIQjs4kQY/BWq74JUmjbXA==

has-proto@^1.0.1:
  version "1.0.1"
  resolved "https://registry.yarnpkg.com/has-proto/-/has-proto-1.0.1.tgz#1885c1305538958aff469fef37937c22795408e0"
  integrity sha512-7qE+iP+O+bgF9clE5+UoBFzE65mlBiVj3tKCrlNQ0Ogwm0BjpT/gK4SlLYDMybDh5I3TCTKnPPa0oMG7JDYrhg==

has-symbols@^1.0.3:
  version "1.0.3"
  resolved "https://registry.yarnpkg.com/has-symbols/-/has-symbols-1.0.3.tgz#bb7b2c4349251dce87b125f7bdf874aa7c8b39f8"
  integrity sha512-l3LCuF6MgDNwTDKkdYGEihYjt5pRPbEg46rtlmnSPlUbgmB8LOIrKJbYYFBSbnPaJexMKtiPO8hmeRjRz2Td+A==

has@^1.0.3:
  version "1.0.3"
  resolved "https://registry.yarnpkg.com/has/-/has-1.0.3.tgz#722d7cbfc1f6aa8241f16dd814e011e1f41e8796"
  integrity sha512-f2dvO0VU6Oej7RkWJGrehjbzMAjFp5/VKPp5tTpWIV4JHHZK1/BxbFRtf/siA2SWTe09caDmVtYYzWEIbBS4zw==
  dependencies:
    function-bind "^1.1.1"

hooks-fixed@1.1.0:
  version "1.1.0"
  resolved "https://registry.yarnpkg.com/hooks-fixed/-/hooks-fixed-1.1.0.tgz#0e8c15336708e6611185fe390b44687dd5230dbb"
  integrity sha512-G6wwrJomxWd/zCaKYa5dMrhMahd3cTD2W5vBGZ/IRO/p6J/VykgrNLYe5/RV1JLBoq4NERWdohT/w8LSWIZjqA==

http-errors@2.0.0:
  version "2.0.0"
  resolved "https://registry.yarnpkg.com/http-errors/-/http-errors-2.0.0.tgz#b7774a1486ef73cf7667ac9ae0858c012c57b9d3"
  integrity sha512-FtwrG/euBzaEjYeRqOgly7G0qviiXoJWnvEH2Z1plBdXgbyjv34pHTSb9zoeHMyDy33+DWy5Wt9Wo+TURtOYSQ==
  dependencies:
    depd "2.0.0"
    inherits "2.0.4"
    setprototypeof "1.2.0"
    statuses "2.0.1"
    toidentifier "1.0.1"

http-errors@~1.3.1:
  version "1.3.1"
  resolved "https://registry.yarnpkg.com/http-errors/-/http-errors-1.3.1.tgz#197e22cdebd4198585e8694ef6786197b91ed942"
  integrity sha512-gMygNskMurDCWfoCdyh1gOeDfSbkAHXqz94QoPj5IHIUjC/BG8/xv7FSEUr7waR5RcAya4j58bft9Wu/wHNeXA==
  dependencies:
    inherits "~2.0.1"
    statuses "1"

iconv-lite@0.4.24:
  version "0.4.24"
  resolved "https://registry.yarnpkg.com/iconv-lite/-/iconv-lite-0.4.24.tgz#2022b4b25fbddc21d2f524974a474aafe733908b"
  integrity sha512-v3MXnZAcvnywkTUEZomIActle7RXXeedOR31wwl7VlyoXO4Qi9arvSenNQWne1TcRwhCL1HwLI21bEqdpj8/rA==
  dependencies:
    safer-buffer ">= 2.1.2 < 3"

indexof@0.0.1:
  version "0.0.1"
  resolved "https://registry.yarnpkg.com/indexof/-/indexof-0.0.1.tgz#82dc336d232b9062179d05ab3293a66059fd435d"
  integrity sha512-i0G7hLJ1z0DE8dsqJa2rycj9dBmNKgXBvotXtZYXakU9oivfB9Uj2ZBC27qqef2U58/ZLwalxa1X/RDCdkHtVg==

inherits@2.0.4, inherits@~2.0.1:
  version "2.0.4"
  resolved "https://registry.yarnpkg.com/inherits/-/inherits-2.0.4.tgz#0fa2c64f932917c3433a0ded55363aae37416b7c"
  integrity sha512-k/vGaX4/Yla3WzyMCvTQOXYeIHvqOKtnqBduzTHpzpQZzAskKMhZ2K+EnBiSM9zGSoIFeMpXKxa4dYeZIQqewQ==

ipaddr.js@1.0.5:
  version "1.0.5"
  resolved "https://registry.yarnpkg.com/ipaddr.js/-/ipaddr.js-1.0.5.tgz#5fa78cf301b825c78abc3042d812723049ea23c7"
  integrity sha512-wBj+q+3uP78gMowwWgFLAYm/q4x5goyZmDsmuvyz+nd1u0D/ghgXXtc1OkgmTzSiWT101kiqGacwFk9eGQw6xQ==

isarray@0.0.1:
  version "0.0.1"
  resolved "https://registry.yarnpkg.com/isarray/-/isarray-0.0.1.tgz#8a18acfca9a8f4177e09abfc6038939b05d1eedf"
  integrity sha512-D2S+3GLxWH+uhrNEcoh/fnmYeP8E8/zHl644d/jdA0g2uyXvy3sb0qxotE+ne0LtccHknQzWwZEzhak7oJ0COQ==

json3@3.2.6:
  version "3.2.6"
  resolved "https://registry.yarnpkg.com/json3/-/json3-3.2.6.tgz#f6efc93c06a04de9aec53053df2559bb19e2038b"
  integrity sha512-KA+GHhYTLTo7Ri4DyjwUgW8kn98AYtVZtBC94qL5yD0ZSYct8/eF8qBmTNyk+gPE578bKeIL4WBq+MUyd1I26g==

json3@3.3.2:
  version "3.3.2"
  resolved "https://registry.yarnpkg.com/json3/-/json3-3.3.2.tgz#3c0434743df93e2f5c42aee7b19bcb483575f4e1"
  integrity sha512-I5YLeauH3rIaE99EE++UeH2M2gSYo8/2TqDac7oZEH6D/DSQ4Woa628Qrfj1X9/OY5Mk5VvIDQaKCDchXaKrmA==

kareem@1.0.1:
  version "1.0.1"
  resolved "https://registry.yarnpkg.com/kareem/-/kareem-1.0.1.tgz#7805d215bb53214ec3af969a1d0b1f17e3e7b95c"
  integrity sha512-FWVjp1u+YDXpxfEZAyGAwulQsjwgqnNkbvju4PivaRHAeR1sOXe4Di4p9NkJlBVL+U1Xd8xBsX4lvtSVo690TA==

keygrip@~1.1.0:
  version "1.1.0"
  resolved "https://registry.yarnpkg.com/keygrip/-/keygrip-1.1.0.tgz#871b1681d5e159c62a445b0c74b615e0917e7226"
  integrity sha512-iYSchDJ+liQ8iwbSI2QqsQOvqv58eJCEanyJPJi+Khyu8smkcKSFUCbPwzFcL7YVtZ6eONjqRX/38caJ7QjRAQ==
  dependencies:
    tsscmp "1.0.6"

media-typer@0.3.0:
  version "0.3.0"
  resolved "https://registry.yarnpkg.com/media-typer/-/media-typer-0.3.0.tgz#8710d7af0aa626f8fffa1ce00168545263255748"
  integrity sha512-dq+qelQ9akHpcOl/gUVRTxVIOkAJ1wR3QAvb4RsVjS8oVoFjDGTc679wJYmUmknUF5HwMLOgb5O+a3KxfWapPQ==

merge-descriptors@1.0.0:
  version "1.0.0"
  resolved "https://registry.yarnpkg.com/merge-descriptors/-/merge-descriptors-1.0.0.tgz#2169cf7538e1b0cc87fb88e1502d8474bbf79864"
  integrity sha512-YJiZmTZTkrqvgefMsWdioTKsZdHnfAhHHkEdPg+4PCqMJEGHQo5iJQjEbMv3XyBZ6y3Z2Rj1mqq1WNKq9e0yNw==

methods@~1.1.1:
  version "1.1.2"
  resolved "https://registry.yarnpkg.com/methods/-/methods-1.1.2.tgz#5529a4d67654134edcc5266656835b0f851afcee"
  integrity sha512-iclAHeNqNm68zFtnZ0e+1L2yUIdvzNoauKU4WBA3VvH/vPFieF7qfRlwUZU+DA9P9bPXIS90ulxoUoCH23sV2w==

mime-db@1.52.0:
  version "1.52.0"
  resolved "https://registry.yarnpkg.com/mime-db/-/mime-db-1.52.0.tgz#bbabcdc02859f4987301c856e3387ce5ec43bf70"
  integrity sha512-sPU4uV7dYlvtWJxwwxHD0PuihVNiE7TyAbQ5SWxDCB9mUYvOgroQOwYQQOKPJ8CIbE+1ETVlOoK1UC2nU3gYvg==

mime-db@~1.12.0:
  version "1.12.0"
  resolved "https://registry.yarnpkg.com/mime-db/-/mime-db-1.12.0.tgz#3d0c63180f458eb10d325aaa37d7c58ae312e9d7"
  integrity sha512-5aMAW7I4jZoZB27fXRuekqc4DVvJ7+hM8UcWrNj2mqibE54gXgPSonBYBdQW5hyaVNGmiYjY0ZMqn9fBefWYvA==

mime-types@~2.0.4:
  version "2.0.14"
  resolved "https://registry.yarnpkg.com/mime-types/-/mime-types-2.0.14.tgz#310e159db23e077f8bb22b748dabfa4957140aa6"
  integrity sha512-2ZHUEstNkIf2oTWgtODr6X0Cc4Ns/RN/hktdozndiEhhAC2wxXejF1FH0XLHTEImE9h6gr/tcnr3YOnSGsxc7Q==
  dependencies:
    mime-db "~1.12.0"

mime-types@~2.1.24, mime-types@~2.1.6:
  version "2.1.35"
  resolved "https://registry.yarnpkg.com/mime-types/-/mime-types-2.1.35.tgz#381a871b62a734450660ae3deee44813f70d959a"
  integrity sha512-ZDY+bPm5zTTF+YpCrAU9nK0UgICYPT0QtT1NZWFv4s++TNkcgVaT0g6+4R2uI4MjQjzysHB1zxuWL50hzaeXiw==
  dependencies:
    mime-db "1.52.0"

mime@1.3.4:
  version "1.3.4"
  resolved "https://registry.yarnpkg.com/mime/-/mime-1.3.4.tgz#115f9e3b6b3daf2959983cb38f149a2d40eb5d53"
  integrity sha512-sAaYXszED5ALBt665F0wMQCUXpGuZsGdopoqcHPdL39ZYdi7uHoZlhrfZfhv8WzivhBzr/oXwaj+yiK5wY8MXQ==

mongodb-core@1.2.30:
  version "1.2.30"
  resolved "https://registry.yarnpkg.com/mongodb-core/-/mongodb-core-1.2.30.tgz#ba0309442f13910d93590e6b5fb1f1403fd6225b"
  integrity sha512-+Uut53YVYFq+hPgYn3OLhrGMtwK6r6vjHLsNBkM+H3PYOTS9nknVBGM296zNNN4gEUdnz/zXF0qQRigXFKoi/A==
  dependencies:
    bson "~0.4.20"

mongodb@2.1.2:
  version "2.1.2"
  resolved "https://registry.yarnpkg.com/mongodb/-/mongodb-2.1.2.tgz#f688e2c0c312b55616965b224433658f0427717a"
  integrity sha512-POoXZM7/tjQLla1gyAjopM9UWxErNeukHQ5msnBXjAE8h9GhQTx8N+LvnqtaHPtzR84Xnj+4BPyp9CK20luabg==
  dependencies:
    es6-promise "3.0.2"
    mongodb-core "1.2.30"
    readable-stream "1.0.31"

mongoose@4.3.5:
  version "4.3.5"
  resolved "https://registry.yarnpkg.com/mongoose/-/mongoose-4.3.5.tgz#17bc5d63a887fef57eabadf0668a274f6a0f23ae"
  integrity sha512-pnXShn5wCSo0HrL78t2IU5XD12TkbIG2M6q3w//yevRr0+7TmtkUrbKRsCTgIPmQN4Ffg8IvZJnBXYUY6AIg9Q==
  dependencies:
    async "0.9.0"
    bson "0.4.19"
    hooks-fixed "1.1.0"
    kareem "1.0.1"
    mongodb "2.1.2"
    mpath "0.1.1"
    mpromise "0.5.4"
    mquery "1.6.3"
    ms "0.7.1"
    muri "1.0.0"
    regexp-clone "0.0.1"
    sliced "0.0.5"

mpath@0.1.1:
  version "0.1.1"
  resolved "https://registry.yarnpkg.com/mpath/-/mpath-0.1.1.tgz#23da852b7c232ee097f4759d29c0ee9cd22d5e46"
  integrity sha512-q3I8htqDfa7EiDyY4Nxywpuov+uEqy6FWCNK8iJ1DxxyPvQpbIvdf7LQ5ms9iXrYhj3BJ/ETAaozIo/j6Z7DGA==

mpromise@0.5.4:
  version "0.5.4"
  resolved "https://registry.yarnpkg.com/mpromise/-/mpromise-0.5.4.tgz#b610613ec6de37419f944b35f0783b4de9f5dc75"
  integrity sha512-r+wWWght+ncv5vntgV84NJphcVCk6ZcUdKJc5KnbnOyEMyabLq8SpEqUBW0hoE9T0NDcf5cXw/uso+V3fOQEFA==

mquery@1.6.3:
  version "1.6.3"
  resolved "https://registry.yarnpkg.com/mquery/-/mquery-1.6.3.tgz#7c02bfb7e49c8012cece1556c5e65fef61f3c8e5"
  integrity sha512-pHgPD0+8w5YsOui7Gri+lnHMO245LvvrigUGRiZPefflqMXKo86CX/zZ/iEzdm5PBmIjzci1FaxjBiZzslKKiw==
  dependencies:
    bluebird "2.9.26"
    debug "2.2.0"
    regexp-clone "0.0.1"
    sliced "0.0.5"

ms@0.7.1:
  version "0.7.1"
  resolved "https://registry.yarnpkg.com/ms/-/ms-0.7.1.tgz#9cd13c03adbff25b65effde7ce864ee952017098"
  integrity sha512-lRLiIR9fSNpnP6TC4v8+4OU7oStC01esuNowdQ34L+Gk8e5Puoc88IqJ+XAY/B3Mn2ZKis8l8HX90oU8ivzUHg==

ms@2.0.0:
  version "2.0.0"
  resolved "https://registry.yarnpkg.com/ms/-/ms-2.0.0.tgz#5608aeadfc00be6c2901df5f9861788de0d597c8"
  integrity sha512-Tpp60P6IUJDTuOq/5Z8cdskzJujfwqfOTkrwIwj7IRISpnkJnT6SyJ4PCPnGMoFjC9ddhal5KVIYtAt97ix05A==

ms@^2.1.1:
  version "2.1.3"
  resolved "https://registry.yarnpkg.com/ms/-/ms-2.1.3.tgz#574c8138ce1d2b5861f0b44579dbadd60c6615b2"
  integrity sha512-6FlzubTLZG3J2a/NVCAleEhjzq5oxgHyaCU9yYXvcLsvoVaHJq/s5xXI6/XXP6tz7R9xAOtHnSO/tXtF3WRTlA==

muri@1.0.0:
  version "1.0.0"
  resolved "https://registry.yarnpkg.com/muri/-/muri-1.0.0.tgz#de3bf6bd71d67eae71d76689b950d2de118695c6"
  integrity sha512-jcTyrsIRbGKs/EuXwoLpXEeB3ScobAHgCs1OtrkC23UgJcGKlfPQateVOxqvvbXVLlfBEWLtdOJvrpj18bdJRA==

negotiator@0.4.9:
  version "0.4.9"
  resolved "https://registry.yarnpkg.com/negotiator/-/negotiator-0.4.9.tgz#92e46b6db53c7e421ed64a2bc94f08be7630df3f"
  integrity sha512-fvi5GQce2TGDzanaTxNY3bboxjdce18sqwNylY439wkEkiJIyTMhGFMdlPCvDsIPa9IKIfhKwCMWEQ9YpZgb1Q==

negotiator@0.5.3:
  version "0.5.3"
  resolved "https://registry.yarnpkg.com/negotiator/-/negotiator-0.5.3.tgz#269d5c476810ec92edbe7b6c2f28316384f9a7e8"
  integrity sha512-oXmnazqehLNFohqgLxRyUdOQU9/UX0NpCpsnbjWUjM62ZM8oSOXYZpHc68XR130ftPNano0oQXGdREAplZRhaQ==

object-component@0.0.3:
  version "0.0.3"
  resolved "https://registry.yarnpkg.com/object-component/-/object-component-0.0.3.tgz#f0c69aa50efc95b866c186f400a33769cb2f1291"
  integrity sha512-S0sN3agnVh2SZNEIGc0N1X4Z5K0JeFbGBrnuZpsxuUh5XLF0BnvWkMjRXo/zGKLd/eghvNIKcx1pQkmUjXIyrA==

object-inspect@^1.9.0:
  version "1.12.3"
  resolved "https://registry.yarnpkg.com/object-inspect/-/object-inspect-1.12.3.tgz#ba62dffd67ee256c8c086dfae69e016cd1f198b9"
  integrity sha512-geUvdk7c+eizMNUDkRpW1wJwgfOiOeHbxBR/hLXK1aT6zmVSO0jsQcs7fj6MGw89jC/cjGfLcNOrtMYtGqm81g==

on-finished@2.4.1:
  version "2.4.1"
  resolved "https://registry.yarnpkg.com/on-finished/-/on-finished-2.4.1.tgz#58c8c44116e54845ad57f14ab10b03533184ac3f"
  integrity sha512-oVlzkg3ENAhCk2zdv7IJwd/QUD4z2RxRwpkcGY8psCVcCYZNq4wYnVWALHM+brtuJjePWiYF/ClmuDr8Ch5+kg==
  dependencies:
    ee-first "1.1.1"

on-finished@~2.3.0:
  version "2.3.0"
  resolved "https://registry.yarnpkg.com/on-finished/-/on-finished-2.3.0.tgz#20f1336481b083cd75337992a16971aa2d906947"
  integrity sha512-ikqdkGAAyf/X/gPhXGvfgAytDZtDbr+bkNUJ0N9h5MI/dmdgCs3l6hoHrcUv41sRKew3jIwrp4qQDXiK99Utww==
  dependencies:
    ee-first "1.1.1"

on-headers@~1.0.2:
  version "1.0.2"
  resolved "https://registry.yarnpkg.com/on-headers/-/on-headers-1.0.2.tgz#772b0ae6aaa525c399e489adfad90c403eb3c28f"
  integrity sha512-pZAE+FJLoyITytdqK0U5s+FIpjN0JP3OzFi/u8Rx+EV5/W+JTWGXG8xFzevE7AjBfDqHv/8vL8qQsIhHnqRkrA==

options@>=0.0.5:
  version "0.0.6"
  resolved "https://registry.yarnpkg.com/options/-/options-0.0.6.tgz#ec22d312806bb53e731773e7cdaefcf1c643128f"
  integrity sha512-bOj3L1ypm++N+n7CEbbe473A414AB7z+amKYshRb//iuL3MpdDCLhPnw6aVTdKB9g5ZRVHIEp8eUln6L2NUStg==

parsejson@0.0.1:
  version "0.0.1"
  resolved "https://registry.yarnpkg.com/parsejson/-/parsejson-0.0.1.tgz#9b10c6c0d825ab589e685153826de0a3ba278bcc"
  integrity sha512-W9CRvTfYQY/kbRc5Q6YTWarb/QDxdEGbd6RCP8CLUQDJV89RVHoS2A0dZYNtAcq31fulGNN4ZhAhiQQazwlKJg==
  dependencies:
    better-assert "~1.0.0"

parseqs@0.0.2:
  version "0.0.2"
  resolved "https://registry.yarnpkg.com/parseqs/-/parseqs-0.0.2.tgz#9dfe70b2cddac388bde4f35b1f240fa58adbe6c7"
  integrity sha512-vyyyfQGUFZnDhgrrdn+hh1JuOfvbXU5oRr6dijfkSIbaFuxGgTSCA/RNVcsADmo0k2NX6wERVTMKkXokjuObJA==
  dependencies:
    better-assert "~1.0.0"

parseuri@0.0.4:
  version "0.0.4"
  resolved "https://registry.yarnpkg.com/parseuri/-/parseuri-0.0.4.tgz#806582a39887e1ea18dd5e2fe0e01902268e9350"
  integrity sha512-9pW0ZCCDtEIzW7beHfLg2N13pgctOVRq1Z+1PKdpsF4wD9GhYUMAAxBhmPRPVVy1fg2z+eH/8uw8dgA0j9DNzw==
  dependencies:
    better-assert "~1.0.0"

parseurl@~1.3.0, parseurl@~1.3.1:
  version "1.3.3"
  resolved "https://registry.yarnpkg.com/parseurl/-/parseurl-1.3.3.tgz#9da19e7bee8d12dff0513ed5b76957793bc2e8d4"
  integrity sha512-CiyeOxFT/JZyN5m0z9PfXw4SCBJ6Sygz1Dpl0wqjlhDEGGBP1GnsUVEL0p63hoG1fcj3fHynXi9NYO4nWOL+qQ==

path-to-regexp@0.1.7:
  version "0.1.7"
  resolved "https://registry.yarnpkg.com/path-to-regexp/-/path-to-regexp-0.1.7.tgz#df604178005f522f15eb4490e7247a1bfaa67f8c"
  integrity sha512-5DFkuoqlv1uYQKxy8omFBeJPQcdoE07Kv2sferDCrAq1ohOU+MSDswDIbnx3YAM60qIOnYa53wBhXW0EbMonrQ==

proxy-addr@~1.0.8:
  version "1.0.10"
  resolved "https://registry.yarnpkg.com/proxy-addr/-/proxy-addr-1.0.10.tgz#0d40a82f801fc355567d2ecb65efe3f077f121c5"
  integrity sha512-iq6kR9KN32aFvXjDyC8nIrm203AHeIBPjL6dpaHgSdbpTO8KoPlD0xG92xwwtkCL9+yt1LE5VwpEk43TyP38Dg==
  dependencies:
    forwarded "~0.1.0"
    ipaddr.js "1.0.5"

qs@4.0.0:
  version "4.0.0"
  resolved "https://registry.yarnpkg.com/qs/-/qs-4.0.0.tgz#c31d9b74ec27df75e543a86c78728ed8d4623607"
  integrity sha512-8MPmJ83uBOPsQj5tQCv4g04/nTiY+d17yl9o3Bw73vC6XlEm2POIRRlOgWJ8i74bkGLII670cDJJZkgiZ2sIkg==

qs@6.11.0:
  version "6.11.0"
  resolved "https://registry.yarnpkg.com/qs/-/qs-6.11.0.tgz#fd0d963446f7a65e1367e01abd85429453f0c37a"
  integrity sha512-MvjoMCJwEarSbUYk5O+nmoSzSutSsTwF85zcHPQ9OrlFoZOYIjaqBAJIqIXjptyD5vThxGq52Xu/MaJzRkIk4Q==
  dependencies:
    side-channel "^1.0.4"

range-parser@~1.0.2, range-parser@~1.0.3:
  version "1.0.3"
  resolved "https://registry.yarnpkg.com/range-parser/-/range-parser-1.0.3.tgz#6872823535c692e2c2a0103826afd82c2e0ff175"
  integrity sha512-nDsRrtIxVUO5opg/A8T2S3ebULVIfuh8ECbh4w3N4mWxIiT3QILDJDUQayPqm2e8Q8NUa0RSUkGCfe33AfjR3Q==

raw-body@2.5.2:
  version "2.5.2"
  resolved "https://registry.yarnpkg.com/raw-body/-/raw-body-2.5.2.tgz#99febd83b90e08975087e8f1f9419a149366b68a"
  integrity sha512-8zGqypfENjCIqGhgXToC8aB2r7YrBX+AQAfIPs/Mlk+BtPTztOvTS01NRW/3Eh60J+a48lt8qsCzirQ6loCVfA==
  dependencies:
    bytes "3.1.2"
    http-errors "2.0.0"
    iconv-lite "0.4.24"
    unpipe "1.0.0"

readable-stream@1.0.31:
  version "1.0.31"
  resolved "https://registry.yarnpkg.com/readable-stream/-/readable-stream-1.0.31.tgz#8f2502e0bc9e3b0da1b94520aabb4e2603ecafae"
  integrity sha512-tco/Dwv1f/sgIgN6CWdj/restacPKNskK6yps1981ivH2ZmLYcs5o5rVzL3qaO/cSkhN8hYOMWs7+glzOLSgRg==
  dependencies:
    core-util-is "~1.0.0"
    inherits "~2.0.1"
    isarray "0.0.1"
    string_decoder "~0.10.x"

regexp-clone@0.0.1:
  version "0.0.1"
  resolved "https://registry.yarnpkg.com/regexp-clone/-/regexp-clone-0.0.1.tgz#a7c2e09891fdbf38fbb10d376fb73003e68ac589"
  integrity sha512-tfYXF0HXEYh3AtgdjqNLQ8+tmZSAKIS7KtOjmB1laJgfbsi+Lf2RVNwLZVOE3U27yBXikzQuIXglLlakvb8Thw==

safe-buffer@5.2.1:
  version "5.2.1"
  resolved "https://registry.yarnpkg.com/safe-buffer/-/safe-buffer-5.2.1.tgz#1eaf9fa9bdb1fdd4ec75f58f9cdb4e6b7827eec6"
  integrity sha512-rp3So07KcdmmKbGvgaNxQSJr7bGVSVk5S9Eq1F+ppbRo70+YeaDxkw5Dd8NPN+GD6bjnYm2VuPuCXmpuYvmCXQ==

"safer-buffer@>= 2.1.2 < 3":
  version "2.1.2"
  resolved "https://registry.yarnpkg.com/safer-buffer/-/safer-buffer-2.1.2.tgz#44fa161b0187b9549dd84bb91802f9bd8385cd6a"
  integrity sha512-YZo3K82SD7Riyi0E1EQPojLz7kpepnSQI9IyPbHHg1XXXevb5dJI7tpyN2ADxGcQbHG7vcyRHk0cbwqcQriUtg==

send@0.13.0:
  version "0.13.0"
  resolved "https://registry.yarnpkg.com/send/-/send-0.13.0.tgz#518f921aeb0560aec7dcab2990b14cf6f3cce5de"
  integrity sha512-zck2y84i0SbUUiwq2l5gGPNVpCplL48og5xIhFjNjQa09003YCTy6Vb3rKfVuG8W8PWNUtUOntjQEBdwkJ9oBw==
  dependencies:
    debug "~2.2.0"
    depd "~1.0.1"
    destroy "1.0.3"
    escape-html "1.0.2"
    etag "~1.7.0"
    fresh "0.3.0"
    http-errors "~1.3.1"
    mime "1.3.4"
    ms "0.7.1"
    on-finished "~2.3.0"
    range-parser "~1.0.2"
    statuses "~1.2.1"

send@0.13.2:
  version "0.13.2"
  resolved "https://registry.yarnpkg.com/send/-/send-0.13.2.tgz#765e7607c8055452bba6f0b052595350986036de"
  integrity sha512-cQ0rmXHrdO2Iof08igV2bG/yXWD106ANwBg6DkGQNT2Vsznbgq6T0oAIQboy1GoFsIuy51jCim26aA9tj3Z3Zg==
  dependencies:
    debug "~2.2.0"
    depd "~1.1.0"
    destroy "~1.0.4"
    escape-html "~1.0.3"
    etag "~1.7.0"
    fresh "0.3.0"
    http-errors "~1.3.1"
    mime "1.3.4"
    ms "0.7.1"
    on-finished "~2.3.0"
    range-parser "~1.0.3"
    statuses "~1.2.1"

serve-static@~1.10.0:
  version "1.10.3"
  resolved "https://registry.yarnpkg.com/serve-static/-/serve-static-1.10.3.tgz#ce5a6ecd3101fed5ec09827dac22a9c29bfb0535"
  integrity sha512-ScsFovjz3Db+vGgpofR/U8p8UULEcGV9akqyo8TQ1mMnjcxemE7Y5Muo+dvy3tJLY/doY2v1H61eCBMYGmwfrA==
  dependencies:
    escape-html "~1.0.3"
    parseurl "~1.3.1"
    send "0.13.2"

setprototypeof@1.2.0:
  version "1.2.0"
  resolved "https://registry.yarnpkg.com/setprototypeof/-/setprototypeof-1.2.0.tgz#66c9a24a73f9fc28cbe66b09fed3d33dcaf1b424"
  integrity sha512-E5LDX7Wrp85Kil5bhZv46j8jOeboKq5JMmYM3gVGdGH8xFpPWXUMsNrlODCrkoxMEeNi/XZIwuRvY4XNwYMJpw==

side-channel@^1.0.4:
  version "1.0.4"
  resolved "https://registry.yarnpkg.com/side-channel/-/side-channel-1.0.4.tgz#efce5c8fdc104ee751b25c58d4290011fa5ea2cf"
  integrity sha512-q5XPytqFEIKHkGdiMIrY10mvLRvnQh42/+GoBlFW3b2LXLE2xxJpZFdm94we0BaoV3RwJyGqg5wS7epxTv0Zvw==
  dependencies:
    call-bind "^1.0.0"
    get-intrinsic "^1.0.2"
    object-inspect "^1.9.0"

sliced@0.0.5:
  version "0.0.5"
  resolved "https://registry.yarnpkg.com/sliced/-/sliced-0.0.5.tgz#5edc044ca4eb6f7816d50ba2fc63e25d8fe4707f"
  integrity sha512-9bYT917D6H3+q8GlQBJmLVz3bc4OeVGfZ2BB12wvLnluTGfG6/8UdOUbKJDW1EEx9SZMDbjnatkau5/XcUeyOw==

socket.io-adapter@0.4.0:
  version "0.4.0"
  resolved "https://registry.yarnpkg.com/socket.io-adapter/-/socket.io-adapter-0.4.0.tgz#fb9f82ab1aa65290bf72c3657955b930a991a24f"
  integrity sha512-nWW2nAX2FlxFr6GFPew2CKC3sDZkhWJEdw2GRml81L43ntCsD5ZiTNQcH0VAQzC/7gvckanNKelQ6eSIErSJCg==
  dependencies:
    debug "2.2.0"
    socket.io-parser "2.2.2"

socket.io-client@1.4.4:
  version "1.4.4"
  resolved "https://registry.yarnpkg.com/socket.io-client/-/socket.io-client-1.4.4.tgz#ff0979bb9975826d5882d04a2c98aa75fa7f8c0d"
  integrity sha512-j0VaRLmqCR1tVInPPJsHEvVx7Sb67EnvLGOozEjDDZbQV/Or1d99nidKqj3drU7oNv6Wmb5TYTXJNfrQizHpcQ==
  dependencies:
    backo2 "1.0.2"
    component-bind "1.0.0"
    component-emitter "1.2.0"
    debug "2.2.0"
    engine.io-client "1.6.7"
    has-binary "0.1.7"
    indexof "0.0.1"
    object-component "0.0.3"
    parseuri "0.0.4"
    socket.io-parser "2.2.5"
    to-array "0.1.3"

socket.io-parser@2.2.2:
  version "2.2.2"
  resolved "https://registry.yarnpkg.com/socket.io-parser/-/socket.io-parser-2.2.2.tgz#3d7af6b64497e956b7d9fe775f999716027f9417"
  integrity sha512-fM+hIkoQPh0oNLoL7yx39fvtqMncRTBekjENFPT8dEYHXqvRYC8yWwT+m9PW8wmYieUcqzw7yJnHNXzPAC9i9w==
  dependencies:
    benchmark "1.0.0"
    component-emitter "1.1.2"
    debug "0.7.4"
    isarray "0.0.1"
    json3 "3.2.6"

socket.io-parser@2.2.5:
  version "2.2.5"
  resolved "https://registry.yarnpkg.com/socket.io-parser/-/socket.io-parser-2.2.5.tgz#8d945b6da2158bafaf04f4e9c77c573b44cde52c"
  integrity sha512-pE72wuzcTzsr5Jhx7w433woXaWPXFfGyvsNJDi/lUE6XoEqltBoKz4KlJ5O2x9xqfiJekR3j86+Iw0pgDKFCow==
  dependencies:
    benchmark "1.0.0"
    component-emitter "1.1.2"
    debug "2.2.0"
    isarray "0.0.1"
    json3 "3.3.2"

socket.io-parser@2.2.6:
  version "2.2.6"
  resolved "https://registry.yarnpkg.com/socket.io-parser/-/socket.io-parser-2.2.6.tgz#38dfd61df50dcf8ab1d9e2091322bf902ba28b99"
  integrity sha512-uXTZmnj1jyTE57vgOlU0K5GKVFA80KB+q3kcExgFDtofI9l1ax5rS6LVG8aOLSK1Tb17jvF1pMVPQCYygD3tYQ==
  dependencies:
    benchmark "1.0.0"
    component-emitter "1.1.2"
    debug "2.2.0"
    isarray "0.0.1"
    json3 "3.3.2"

socket.io@1.4.4:
  version "1.4.4"
  resolved "https://registry.yarnpkg.com/socket.io/-/socket.io-1.4.4.tgz#24b3e19ca15ee21cb7d9203d831f9b65a9f14bbd"
  integrity sha512-rFGwk+bmpJxR/rJidwbEkEvSIN+gKVarWsC3lnbypCXxvMvgwrpE51hDyY06r7FEgUdFvn4ARhdTMPGClV6usA==
  dependencies:
    debug "2.2.0"
    engine.io "1.6.7"
    has-binary "0.1.7"
    socket.io-adapter "0.4.0"
    socket.io-client "1.4.4"
    socket.io-parser "2.2.6"

statuses@1:
  version "1.5.0"
  resolved "https://registry.yarnpkg.com/statuses/-/statuses-1.5.0.tgz#161c7dac177659fd9811f43771fa99381478628c"
  integrity sha512-OpZ3zP+jT1PI7I8nemJX4AKmAX070ZkYPVWV/AaKTJl+tXCTGyVdC1a4SL8RUQYEwk/f34ZX8UTykN68FwrqAA==

statuses@2.0.1:
  version "2.0.1"
  resolved "https://registry.yarnpkg.com/statuses/-/statuses-2.0.1.tgz#55cb000ccf1d48728bd23c685a063998cf1a1b63"
  integrity sha512-RwNA9Z/7PrK06rYLIzFMlaF+l73iwpzsqRIFgbMLbTcLD6cOao82TaWefPXQvB2fOC4AjuYSEndS7N/mTCbkdQ==

statuses@~1.2.1:
  version "1.2.1"
  resolved "https://registry.yarnpkg.com/statuses/-/statuses-1.2.1.tgz#dded45cc18256d51ed40aec142489d5c61026d28"
  integrity sha512-pVEuxHdSGrt8QmQ3LOZXLhSA6MP/iPqKzZeO6Squ7PNGkA/9MBsSfV0/L+bIxkoDmjF4tZcLpcVq/fkqoHvuKg==

string_decoder@~0.10.x:
  version "0.10.31"
  resolved "https://registry.yarnpkg.com/string_decoder/-/string_decoder-0.10.31.tgz#62e203bc41766c6c28c9fc84301dab1c5310fa94"
  integrity sha512-ev2QzSzWPYmy9GuqfIVildA4OdcGLeFZQrq5ys6RtiuF+RQQiZWr8TZNyAcuVXyQRYfEO+MsoB/1BuQVhOJuoQ==

to-array@0.1.3:
  version "0.1.3"
  resolved "https://registry.yarnpkg.com/to-array/-/to-array-0.1.3.tgz#d45dadc6363417f60f28474fea50ecddbb4f4991"
  integrity sha512-JQk/QMS4oHyU2VufVeyjN25dcnZnr1PV1pa1oKSj7l5tVO9WrU62og3fYzB3mrgJZZgBxdrrA/v6iZzMDuyFYw==

toidentifier@1.0.1:
  version "1.0.1"
  resolved "https://registry.yarnpkg.com/toidentifier/-/toidentifier-1.0.1.tgz#3be34321a88a820ed1bd80dfaa33e479fbb8dd35"
  integrity sha512-o5sSPKEkg/DIQNmH43V0/uerLrpzVedkUh8tGNvaeXpfpuwjKenlSox/2O/BTlZUtEe+JG7s5YhEz608PlAHRA==

tsscmp@1.0.6:
  version "1.0.6"
  resolved "https://registry.yarnpkg.com/tsscmp/-/tsscmp-1.0.6.tgz#85b99583ac3589ec4bfef825b5000aa911d605eb"
  integrity sha512-LxhtAkPDTkVCMQjt2h6eBVY28KCjikZqZfMcC15YBeNjkgUpdCfBu5HoiOTDu86v6smE8yOjyEktJ8hlbANHQA==

type-is@~1.6.18, type-is@~1.6.6:
  version "1.6.18"
  resolved "https://registry.yarnpkg.com/type-is/-/type-is-1.6.18.tgz#4e552cd05df09467dcbc4ef739de89f2cf37c131"
  integrity sha512-TkRKr9sUTxEH8MdfuCSP7VizJyzRNMjj2J2do2Jr3Kym598JVdEksuzPQCnlFPW4ky9Q+iA+ma9BGm06XQBy8g==
  dependencies:
    media-typer "0.3.0"
    mime-types "~2.1.24"

ultron@1.0.x:
  version "1.0.2"
  resolved "https://registry.yarnpkg.com/ultron/-/ultron-1.0.2.tgz#ace116ab557cd197386a4e88f4685378c8b2e4fa"
  integrity sha512-QMpnpVtYaWEeY+MwKDN/UdKlE/LsFZXM5lO1u7GaZzNgmIbGixHEmVMIKT+vqYOALu3m5GYQy9kz4Xu4IVn7Ow==

unpipe@1.0.0, unpipe@~1.0.0:
  version "1.0.0"
  resolved "https://registry.yarnpkg.com/unpipe/-/unpipe-1.0.0.tgz#b2bf4ee8514aae6165b4817829d21b2ef49904ec"
  integrity sha512-pjy2bYhSsufwWlKwPc+l3cN7+wuJlK6uz0YdJEOlQDbl6jo/YlPi4mb8agUkVC8BF7V8NuzeyPNqRksA3hztKQ==

utf8@2.1.0:
  version "2.1.0"
  resolved "https://registry.yarnpkg.com/utf8/-/utf8-2.1.0.tgz#0cfec5c8052d44a23e3aaa908104e8075f95dfd5"
  integrity sha512-meBQCGPqrY9eH0gLoJ45HzjLWGKLaROTGkWPbWhyGO/b/Q7lB3T3NClcKe6aQCgDXF3hwx5WzYBXbA+c8j17Yw==

utils-merge@1.0.0:
  version "1.0.0"
  resolved "https://registry.yarnpkg.com/utils-merge/-/utils-merge-1.0.0.tgz#0294fb922bb9375153541c4f7096231f287c8af8"
  integrity sha512-HwU9SLQEtyo+0uoKXd1nkLqigUWLB+QuNQR4OcmB73eWqksM5ovuqcycks2x043W8XVb75rG1HQ0h93TMXkzQQ==

vary@~1.0.1:
  version "1.0.1"
  resolved "https://registry.yarnpkg.com/vary/-/vary-1.0.1.tgz#99e4981566a286118dfb2b817357df7993376d10"
  integrity sha512-yNsH+tC0r8quK2tg/yqkXqqaYzeKTkSqQ+8T6xCoWgOi/bU/omMYz+6k+I91JJJDeltJzI7oridTOq6OYkY0Tw==

ws@1.0.1:
  version "1.0.1"
  resolved "https://registry.yarnpkg.com/ws/-/ws-1.0.1.tgz#7d0b2a2e58cddd819039c29c9de65045e1b310e9"
  integrity sha512-JcrURpj0uO3Kn30PZitCOmD2InWHIt6skFKKtXHAZ/2IK9hVzFXW89b3JDenT/diXyV8qdRGmNR0OA210QMnYQ==
  dependencies:
    options ">=0.0.5"
    ultron "1.0.x"

xmlhttprequest-ssl@1.5.1:
  version "1.5.1"
  resolved "https://registry.yarnpkg.com/xmlhttprequest-ssl/-/xmlhttprequest-ssl-1.5.1.tgz#3b7741fea4a86675976e908d296d4445961faa67"
  integrity sha512-yVeGn9mCv5868tlRfjBCcSSvdukMMItgB/B+1lxwweh5Az3hmGvr4ZTq6qXJ1ZSLMupsF4HBrb1d3E45t1KDYA==

yeast@0.1.2:
  version "0.1.2"
  resolved "https://registry.yarnpkg.com/yeast/-/yeast-0.1.2.tgz#008e06d8094320c372dbc2f8ed76a0ca6c8ac419"
  integrity sha512-8HFIh676uyGYP6wP13R/j6OJ/1HwJ46snpvzE7aHAN3Ryqh2yX6Xox2B4CUmTwwOIzlG3Bs7ocsP5dZH/R1Qbg==
